// !$*UTF8*$!
{
	archiveVersion = 1;
	classes = {
	};
	objectVersion = 56;
	objects = {

/* Begin PBXBuildFile section */
		001 /* SessionFlowApp.swift in Sources */ = {isa = PBXBuildFile; fileRef = 101 /* SessionFlowApp.swift */; };
		002 /* ContentView.swift in Sources */ = {isa = PBXBuildFile; fileRef = 102 /* ContentView.swift */; };
		003 /* Session.swift in Sources */ = {isa = PBXBuildFile; fileRef = 103 /* Session.swift */; };
		004 /* SchedulePattern.swift in Sources */ = {isa = PBXBuildFile; fileRef = 104 /* SchedulePattern.swift */; };
		005 /* Preset.swift in Sources */ = {isa = PBXBuildFile; fileRef = 105 /* Preset.swift */; };
		006 /* CalendarService.swift in Sources */ = {isa = PBXBuildFile; fileRef = 106 /* CalendarService.swift */; };
		007 /* SchedulingEngine.swift in Sources */ = {isa = PBXBuildFile; fileRef = 107 /* SchedulingEngine.swift */; };
		008 /* AvailabilityCalculator.swift in Sources */ = {isa = PBXBuildFile; fileRef = 108 /* AvailabilityCalculator.swift */; };
		009 /* TimelineView.swift in Sources */ = {isa = PBXBuildFile; fileRef = 109 /* TimelineView.swift */; };
		010 /* SettingsPanel.swift in Sources */ = {isa = PBXBuildFile; fileRef = 110 /* SettingsPanel.swift */; };
		011 /* PresetManager.swift in Sources */ = {isa = PBXBuildFile; fileRef = 111 /* PresetManager.swift */; };
		A1B2C3D4E5F60718293A4B5D /* ProductivityCard.swift in Sources */ = {isa = PBXBuildFile; fileRef = A1B2C3D4E5F60718293A4B5C /* ProductivityCard.swift */; };
		2DC4CFE72EFA885900F7A35D /* TaskEditor.swift in Sources */ = {isa = PBXBuildFile; fileRef = 2DC4CFE52EFA885900F7A35D /* TaskEditor.swift */; };
		2DC4CFE82EFA885900F7A35D /* TasksPanel.swift in Sources */ = {isa = PBXBuildFile; fileRef = 2DC4CFE62EFA885900F7A35D /* TasksPanel.swift */; };
		2DC4CFEA2EFA8E8700F7A35D /* Assets.xcassets in Resources */ = {isa = PBXBuildFile; fileRef = 2DC4CFE92EFA8E8700F7A35D /* Assets.xcassets */; };
		2DEBECAB2EF4136C002A9D7C /* Icon.icon in Resources */ = {isa = PBXBuildFile; fileRef = 2DEBECAA2EF4136C002A9D7C /* Icon.icon */; };
		012 /* WelcomeScreen.swift in Sources */ = {isa = PBXBuildFile; fileRef = 112 /* WelcomeScreen.swift */; };
		013 /* PatternsGuide.swift in Sources */ = {isa = PBXBuildFile; fileRef = 113 /* PatternsGuide.swift */; };
		014 /* TasksGuide.swift in Sources */ = {isa = PBXBuildFile; fileRef = 114 /* TasksGuide.swift */; };
		015 /* AppSettingsView.swift in Sources */ = {isa = PBXBuildFile; fileRef = 115 /* AppSettingsView.swift */; };
		016 /* NumericInputField.swift in Sources */ = {isa = PBXBuildFile; fileRef = 116 /* NumericInputField.swift */; };
		017 /* CalendarPermissionView.swift in Sources */ = {isa = PBXBuildFile; fileRef = 117 /* CalendarPermissionView.swift */; };
		018 /* CalendarSetupView.swift in Sources */ = {isa = PBXBuildFile; fileRef = 118 /* CalendarSetupView.swift */; };
		019 /* CalendarPickerPopover.swift in Sources */ = {isa = PBXBuildFile; fileRef = 119 /* CalendarPickerPopover.swift */; };
		020 /* UpdateService.swift in Sources */ = {isa = PBXBuildFile; fileRef = 120 /* UpdateService.swift */; };
		021 /* TimeSnapping.swift in Sources */ = {isa = PBXBuildFile; fileRef = 121 /* TimeSnapping.swift */; };
		022 /* EventUndoManager.swift in Sources */ = {isa = PBXBuildFile; fileRef = 122 /* EventUndoManager.swift */; };
		023 /* TimeInputField.swift in Sources */ = {isa = PBXBuildFile; fileRef = 123 /* TimeInputField.swift */; };
		024 /* DateInputField.swift in Sources */ = {isa = PBXBuildFile; fileRef = 124 /* DateInputField.swift */; };
		025 /* Changelog.swift in Sources */ = {isa = PBXBuildFile; fileRef = 125 /* Changelog.swift */; };
		026 /* WhatsNewView.swift in Sources */ = {isa = PBXBuildFile; fileRef = 126 /* WhatsNewView.swift */; };
		027 /* UpdateAlertSheet.swift in Sources */ = {isa = PBXBuildFile; fileRef = 127 /* UpdateAlertSheet.swift */; };
		028 /* AboutView.swift in Sources */ = {isa = PBXBuildFile; fileRef = 128 /* AboutView.swift */; };
		640CA4B8601EE8D9224ECDE3 /* SessionAwarenessConfig.swift in Sources */ = {isa = PBXBuildFile; fileRef = 022A93BC29B1DF104AF6B1BA /* SessionAwarenessConfig.swift */; };
		6426FAE9480469A7737EC218 /* SessionFeedback.swift in Sources */ = {isa = PBXBuildFile; fileRef = 0A270635C6CD4108F5ACACF3 /* SessionFeedback.swift */; };
		698E3B36A45C17FF134EEE52 /* SessionAwarenessService.swift in Sources */ = {isa = PBXBuildFile; fileRef = 1B7CBA7C13B49786B5B44131 /* SessionAwarenessService.swift */; };
		7720F7D61A0294F1C9C3877D /* SessionAudioService.swift in Sources */ = {isa = PBXBuildFile; fileRef = 1CD91FC56585DD1FADB6BF4C /* SessionAudioService.swift */; };
		F1A2B3C4D5E6F7081929A0B1 /* MicrophoneMonitor.swift in Sources */ = {isa = PBXBuildFile; fileRef = F1A2B3C4D5E6F7081929A0B2 /* MicrophoneMonitor.swift */; };
		876B4DD1E37960D23C5EB40F /* SessionAwarenessPanel.swift in Sources */ = {isa = PBXBuildFile; fileRef = 1FD9FFA40C7AE29A7155AD5B /* SessionAwarenessPanel.swift */; };
		8B24F98B098D2F129A31E399 /* SessionAwarenessGuide.swift in Sources */ = {isa = PBXBuildFile; fileRef = 2F803D7CAF9FE9B8D8EB743A /* SessionAwarenessGuide.swift */; };
		AA01B2C3D4E5F6A7B8C9D0E1 /* Clock Ticking.mp3 in Resources */ = {isa = PBXBuildFile; fileRef = BB01C2D3E4F5A6B7C8D9E0F1 /* Clock Ticking.mp3 */; };
		AA02B2C3D4E5F6A7B8C9D0E2 /* Clock Ticking Slow.mp3 in Resources */ = {isa = PBXBuildFile; fileRef = BB02C2D3E4F5A6B7C8D9E0F2 /* Clock Ticking Slow.mp3 */; };
		AA03B2C3D4E5F6A7B8C9D0E3 /* Duskfall on a River.mp3 in Resources */ = {isa = PBXBuildFile; fileRef = BB03C2D3E4F5A6B7C8D9E0F3 /* Duskfall on a River.mp3 */; };
		AA04B2C3D4E5F6A7B8C9D0E4 /* Gong.mp3 in Resources */ = {isa = PBXBuildFile; fileRef = BB04C2D3E4F5A6B7C8D9E0F4 /* Gong.mp3 */; };
		AA05B2C3D4E5F6A7B8C9D0E5 /* Kitchen Timer.mp3 in Resources */ = {isa = PBXBuildFile; fileRef = BB05C2D3E4F5A6B7C8D9E0F5 /* Kitchen Timer.mp3 */; };
		AA06B2C3D4E5F6A7B8C9D0E6 /* Light Rain Falling on Forest Floor.mp3 in Resources */ = {isa = PBXBuildFile; fileRef = BB06C2D3E4F5A6B7C8D9E0F6 /* Light Rain Falling on Forest Floor.mp3 */; };
		AA07B2C3D4E5F6A7B8C9D0E7 /* Mountain Atmosphere.mp3 in Resources */ = {isa = PBXBuildFile; fileRef = BB07C2D3E4F5A6B7C8D9E0F7 /* Mountain Atmosphere.mp3 */; };
		AA08B2C3D4E5F6A7B8C9D0E8 /* Ocean Waves.mp3 in Resources */ = {isa = PBXBuildFile; fileRef = BB08C2D3E4F5A6B7C8D9E0F8 /* Ocean Waves.mp3 */; };
		AA09B2C3D4E5F6A7B8C9D0E9 /* Peaceful Wind Atop a Hill.mp3 in Resources */ = {isa = PBXBuildFile; fileRef = BB09C2D3E4F5A6B7C8D9E0F9 /* Peaceful Wind Atop a Hill.mp3 */; };
		AA10B2C3D4E5F6A7B8C9D010 /* Thunder in the Woods.mp3 in Resources */ = {isa = PBXBuildFile; fileRef = BB10C2D3E4F5A6B7C8D9E010 /* Thunder in the Woods.mp3 */; };
		AA11B2C3D4E5F6A7B8C9D011 /* Hero.mp3 in Resources */ = {isa = PBXBuildFile; fileRef = BB11C2D3E4F5A6B7C8D9E011 /* Hero.mp3 */; };
		AA12B2C3D4E5F6A7B8C9D012 /* Morse.mp3 in Resources */ = {isa = PBXBuildFile; fileRef = BB12C2D3E4F5A6B7C8D9E012 /* Morse.mp3 */; };
		AA13B2C3D4E5F6A7B8C9D013 /* Glass.mp3 in Resources */ = {isa = PBXBuildFile; fileRef = BB13C2D3E4F5A6B7C8D9E013 /* Glass.mp3 */; };
		AA14B2C3D4E5F6A7B8C9D014 /* Submarine.mp3 in Resources */ = {isa = PBXBuildFile; fileRef = BB14C2D3E4F5A6B7C8D9E014 /* Submarine.mp3 */; };
		AA15B2C3D4E5F6A7B8C9D015 /* Purr.mp3 in Resources */ = {isa = PBXBuildFile; fileRef = BB15C2D3E4F5A6B7C8D9E015 /* Purr.mp3 */; };
		AA16B2C3D4E5F6A7B8C9D016 /* Creek Atmosphere.mp3 in Resources */ = {isa = PBXBuildFile; fileRef = BB16C2D3E4F5A6B7C8D9E016 /* Creek Atmosphere.mp3 */; };
		D1A1B2C3D4E5F6A7B8C9D0E1 /* DockProgressController.swift in Sources */ = {isa = PBXBuildFile; fileRef = E1F2A3B4C5D6E7F8A9B0C1D2 /* DockProgressController.swift */; };
		D2B2C3D4E5F6A7B8C9D0E1F2 /* MenuBarController.swift in Sources */ = {isa = PBXBuildFile; fileRef = E2F3A4B5C6D7E8F9A0B1C2D3 /* MenuBarController.swift */; };
		D3C3D4E5F6A7B8C9D0E1F2A3 /* MiniPlayerWindowController.swift in Sources */ = {isa = PBXBuildFile; fileRef = E3F4A5B6C7D8E9F0A1B2C3D4 /* MiniPlayerWindowController.swift */; };
		D4D4E5F6A7B8C9D0E1F2A3B4 /* MiniPlayerView.swift in Sources */ = {isa = PBXBuildFile; fileRef = E4F5A6B7C8D9E0F1A2B3C4D5 /* MiniPlayerView.swift */; };
		E5E5F6A7B8C9D0E1F2A3B4C5 /* SharedAwarenessComponents.swift in Sources */ = {isa = PBXBuildFile; fileRef = F5A6B7C8D9E0F1A2B3C4D5E6 /* SharedAwarenessComponents.swift */; };
/* End PBXBuildFile section */

/* Begin PBXFileReference section */
		100 /* SessionFlow.app */ = {isa = PBXFileReference; explicitFileType = wrapper.application; includeInIndex = 0; path = "SessionFlow.app"; sourceTree = BUILT_PRODUCTS_DIR; };
		101 /* SessionFlowApp.swift */ = {isa = PBXFileReference; lastKnownFileType = sourcecode.swift; path = SessionFlowApp.swift; sourceTree = "<group>"; };
		102 /* ContentView.swift */ = {isa = PBXFileReference; lastKnownFileType = sourcecode.swift; path = ContentView.swift; sourceTree = "<group>"; };
		103 /* Session.swift */ = {isa = PBXFileReference; lastKnownFileType = sourcecode.swift; path = Session.swift; sourceTree = "<group>"; };
		104 /* SchedulePattern.swift */ = {isa = PBXFileReference; lastKnownFileType = sourcecode.swift; path = SchedulePattern.swift; sourceTree = "<group>"; };
		105 /* Preset.swift */ = {isa = PBXFileReference; lastKnownFileType = sourcecode.swift; path = Preset.swift; sourceTree = "<group>"; };
		106 /* CalendarService.swift */ = {isa = PBXFileReference; lastKnownFileType = sourcecode.swift; path = CalendarService.swift; sourceTree = "<group>"; };
		107 /* SchedulingEngine.swift */ = {isa = PBXFileReference; lastKnownFileType = sourcecode.swift; path = SchedulingEngine.swift; sourceTree = "<group>"; };
		108 /* AvailabilityCalculator.swift */ = {isa = PBXFileReference; lastKnownFileType = sourcecode.swift; path = AvailabilityCalculator.swift; sourceTree = "<group>"; };
		109 /* TimelineView.swift */ = {isa = PBXFileReference; lastKnownFileType = sourcecode.swift; path = TimelineView.swift; sourceTree = "<group>"; };
		110 /* SettingsPanel.swift */ = {isa = PBXFileReference; lastKnownFileType = sourcecode.swift; path = SettingsPanel.swift; sourceTree = "<group>"; };
		111 /* PresetManager.swift */ = {isa = PBXFileReference; lastKnownFileType = sourcecode.swift; path = PresetManager.swift; sourceTree = "<group>"; };
		A1B2C3D4E5F60718293A4B5C /* ProductivityCard.swift */ = {isa = PBXFileReference; lastKnownFileType = sourcecode.swift; path = ProductivityCard.swift; sourceTree = "<group>"; };
		202 /* SessionFlow.entitlements */ = {isa = PBXFileReference; lastKnownFileType = text.plist.entitlements; path = SessionFlow.entitlements; sourceTree = "<group>"; };
		2DC4CFE52EFA885900F7A35D /* TaskEditor.swift */ = {isa = PBXFileReference; lastKnownFileType = sourcecode.swift; path = TaskEditor.swift; sourceTree = "<group>"; };
		2DC4CFE62EFA885900F7A35D /* TasksPanel.swift */ = {isa = PBXFileReference; lastKnownFileType = sourcecode.swift; path = TasksPanel.swift; sourceTree = "<group>"; };
		2DC4CFE92EFA8E8700F7A35D /* Assets.xcassets */ = {isa = PBXFileReference; lastKnownFileType = folder.assetcatalog; path = Assets.xcassets; sourceTree = "<group>"; };
		2DEBECAA2EF4136C002A9D7C /* Icon.icon */ = {isa = PBXFileReference; lastKnownFileType = folder.iconcomposer.icon; path = Icon.icon; sourceTree = "<group>"; };
		112 /* WelcomeScreen.swift */ = {isa = PBXFileReference; lastKnownFileType = sourcecode.swift; path = WelcomeScreen.swift; sourceTree = "<group>"; };
		113 /* PatternsGuide.swift */ = {isa = PBXFileReference; lastKnownFileType = sourcecode.swift; path = PatternsGuide.swift; sourceTree = "<group>"; };
		114 /* TasksGuide.swift */ = {isa = PBXFileReference; lastKnownFileType = sourcecode.swift; path = TasksGuide.swift; sourceTree = "<group>"; };
		115 /* AppSettingsView.swift */ = {isa = PBXFileReference; lastKnownFileType = sourcecode.swift; path = AppSettingsView.swift; sourceTree = "<group>"; };
		116 /* NumericInputField.swift */ = {isa = PBXFileReference; lastKnownFileType = sourcecode.swift; path = NumericInputField.swift; sourceTree = "<group>"; };
		117 /* CalendarPermissionView.swift */ = {isa = PBXFileReference; lastKnownFileType = sourcecode.swift; path = CalendarPermissionView.swift; sourceTree = "<group>"; };
		118 /* CalendarSetupView.swift */ = {isa = PBXFileReference; lastKnownFileType = sourcecode.swift; path = CalendarSetupView.swift; sourceTree = "<group>"; };
		119 /* CalendarPickerPopover.swift */ = {isa = PBXFileReference; lastKnownFileType = sourcecode.swift; path = CalendarPickerPopover.swift; sourceTree = "<group>"; };
		120 /* UpdateService.swift */ = {isa = PBXFileReference; lastKnownFileType = sourcecode.swift; path = UpdateService.swift; sourceTree = "<group>"; };
		121 /* TimeSnapping.swift */ = {isa = PBXFileReference; lastKnownFileType = sourcecode.swift; path = TimeSnapping.swift; sourceTree = "<group>"; };
		122 /* EventUndoManager.swift */ = {isa = PBXFileReference; lastKnownFileType = sourcecode.swift; path = EventUndoManager.swift; sourceTree = "<group>"; };
		123 /* TimeInputField.swift */ = {isa = PBXFileReference; lastKnownFileType = sourcecode.swift; path = TimeInputField.swift; sourceTree = "<group>"; };
		124 /* DateInputField.swift */ = {isa = PBXFileReference; lastKnownFileType = sourcecode.swift; path = DateInputField.swift; sourceTree = "<group>"; };
		125 /* Changelog.swift */ = {isa = PBXFileReference; lastKnownFileType = sourcecode.swift; path = Changelog.swift; sourceTree = "<group>"; };
		126 /* WhatsNewView.swift */ = {isa = PBXFileReference; lastKnownFileType = sourcecode.swift; path = WhatsNewView.swift; sourceTree = "<group>"; };
		127 /* UpdateAlertSheet.swift */ = {isa = PBXFileReference; lastKnownFileType = sourcecode.swift; path = UpdateAlertSheet.swift; sourceTree = "<group>"; };
		128 /* AboutView.swift */ = {isa = PBXFileReference; lastKnownFileType = sourcecode.swift; path = AboutView.swift; sourceTree = "<group>"; };
		022A93BC29B1DF104AF6B1BA /* SessionAwarenessConfig.swift */ = {isa = PBXFileReference; lastKnownFileType = sourcecode.swift; path = SessionAwarenessConfig.swift; sourceTree = "<group>"; };
		0A270635C6CD4108F5ACACF3 /* SessionFeedback.swift */ = {isa = PBXFileReference; lastKnownFileType = sourcecode.swift; path = SessionFeedback.swift; sourceTree = "<group>"; };
		1B7CBA7C13B49786B5B44131 /* SessionAwarenessService.swift */ = {isa = PBXFileReference; lastKnownFileType = sourcecode.swift; path = SessionAwarenessService.swift; sourceTree = "<group>"; };
		1CD91FC56585DD1FADB6BF4C /* SessionAudioService.swift */ = {isa = PBXFileReference; lastKnownFileType = sourcecode.swift; path = SessionAudioService.swift; sourceTree = "<group>"; };
		F1A2B3C4D5E6F7081929A0B2 /* MicrophoneMonitor.swift */ = {isa = PBXFileReference; lastKnownFileType = sourcecode.swift; path = MicrophoneMonitor.swift; sourceTree = "<group>"; };
		1FD9FFA40C7AE29A7155AD5B /* SessionAwarenessPanel.swift */ = {isa = PBXFileReference; lastKnownFileType = sourcecode.swift; path = SessionAwarenessPanel.swift; sourceTree = "<group>"; };
		2F803D7CAF9FE9B8D8EB743A /* SessionAwarenessGuide.swift */ = {isa = PBXFileReference; lastKnownFileType = sourcecode.swift; path = SessionAwarenessGuide.swift; sourceTree = "<group>"; };
		BB01C2D3E4F5A6B7C8D9E0F1 /* Clock Ticking.mp3 */ = {isa = PBXFileReference; lastKnownFileType = audio.mp3; path = "Clock Ticking.mp3"; sourceTree = "<group>"; };
		BB02C2D3E4F5A6B7C8D9E0F2 /* Clock Ticking Slow.mp3 */ = {isa = PBXFileReference; lastKnownFileType = audio.mp3; path = "Clock Ticking Slow.mp3"; sourceTree = "<group>"; };
		BB03C2D3E4F5A6B7C8D9E0F3 /* Duskfall on a River.mp3 */ = {isa = PBXFileReference; lastKnownFileType = audio.mp3; path = "Duskfall on a River.mp3"; sourceTree = "<group>"; };
		BB04C2D3E4F5A6B7C8D9E0F4 /* Gong.mp3 */ = {isa = PBXFileReference; lastKnownFileType = audio.mp3; path = Gong.mp3; sourceTree = "<group>"; };
		BB05C2D3E4F5A6B7C8D9E0F5 /* Kitchen Timer.mp3 */ = {isa = PBXFileReference; lastKnownFileType = audio.mp3; path = "Kitchen Timer.mp3"; sourceTree = "<group>"; };
		BB06C2D3E4F5A6B7C8D9E0F6 /* Light Rain Falling on Forest Floor.mp3 */ = {isa = PBXFileReference; lastKnownFileType = audio.mp3; path = "Light Rain Falling on Forest Floor.mp3"; sourceTree = "<group>"; };
		BB07C2D3E4F5A6B7C8D9E0F7 /* Mountain Atmosphere.mp3 */ = {isa = PBXFileReference; lastKnownFileType = audio.mp3; path = "Mountain Atmosphere.mp3"; sourceTree = "<group>"; };
		BB16C2D3E4F5A6B7C8D9E016 /* Creek Atmosphere.mp3 */ = {isa = PBXFileReference; lastKnownFileType = audio.mp3; path = "Creek Atmosphere.mp3"; sourceTree = "<group>"; };
		BB08C2D3E4F5A6B7C8D9E0F8 /* Ocean Waves.mp3 */ = {isa = PBXFileReference; lastKnownFileType = audio.mp3; path = "Ocean Waves.mp3"; sourceTree = "<group>"; };
		BB09C2D3E4F5A6B7C8D9E0F9 /* Peaceful Wind Atop a Hill.mp3 */ = {isa = PBXFileReference; lastKnownFileType = audio.mp3; path = "Peaceful Wind Atop a Hill.mp3"; sourceTree = "<group>"; };
		BB10C2D3E4F5A6B7C8D9E010 /* Thunder in the Woods.mp3 */ = {isa = PBXFileReference; lastKnownFileType = audio.mp3; path = "Thunder in the Woods.mp3"; sourceTree = "<group>"; };
		BB11C2D3E4F5A6B7C8D9E011 /* Hero.mp3 */ = {isa = PBXFileReference; lastKnownFileType = audio.mp3; path = Hero.mp3; sourceTree = "<group>"; };
		BB12C2D3E4F5A6B7C8D9E012 /* Morse.mp3 */ = {isa = PBXFileReference; lastKnownFileType = audio.mp3; path = Morse.mp3; sourceTree = "<group>"; };
		BB13C2D3E4F5A6B7C8D9E013 /* Glass.mp3 */ = {isa = PBXFileReference; lastKnownFileType = audio.mp3; path = Glass.mp3; sourceTree = "<group>"; };
		BB14C2D3E4F5A6B7C8D9E014 /* Submarine.mp3 */ = {isa = PBXFileReference; lastKnownFileType = audio.mp3; path = Submarine.mp3; sourceTree = "<group>"; };
		BB15C2D3E4F5A6B7C8D9E015 /* Purr.mp3 */ = {isa = PBXFileReference; lastKnownFileType = audio.mp3; path = Purr.mp3; sourceTree = "<group>"; };
		E1F2A3B4C5D6E7F8A9B0C1D2 /* DockProgressController.swift */ = {isa = PBXFileReference; lastKnownFileType = sourcecode.swift; path = DockProgressController.swift; sourceTree = "<group>"; };
		E2F3A4B5C6D7E8F9A0B1C2D3 /* MenuBarController.swift */ = {isa = PBXFileReference; lastKnownFileType = sourcecode.swift; path = MenuBarController.swift; sourceTree = "<group>"; };
		E3F4A5B6C7D8E9F0A1B2C3D4 /* MiniPlayerWindowController.swift */ = {isa = PBXFileReference; lastKnownFileType = sourcecode.swift; path = MiniPlayerWindowController.swift; sourceTree = "<group>"; };
		E4F5A6B7C8D9E0F1A2B3C4D5 /* MiniPlayerView.swift */ = {isa = PBXFileReference; lastKnownFileType = sourcecode.swift; path = MiniPlayerView.swift; sourceTree = "<group>"; };
		F5A6B7C8D9E0F1A2B3C4D5E6 /* SharedAwarenessComponents.swift */ = {isa = PBXFileReference; lastKnownFileType = sourcecode.swift; path = SharedAwarenessComponents.swift; sourceTree = "<group>"; };
/* End PBXFileReference section */

/* Begin PBXFrameworksBuildPhase section */
		300 /* Frameworks */ = {
			isa = PBXFrameworksBuildPhase;
			buildActionMask = 2147483647;
			files = (
			);
			runOnlyForDeploymentPostprocessing = 0;
		};
/* End PBXFrameworksBuildPhase section */

/* Begin PBXGroup section */
		400 = {
			isa = PBXGroup;
			children = (
				401 /* SessionFlow */,
				402 /* Products */,
			);
			sourceTree = "<group>";
		};
		401 /* SessionFlow */ = {
			isa = PBXGroup;
			children = (
				101 /* SessionFlowApp.swift */,
				102 /* ContentView.swift */,
				403 /* Models */,
				404 /* Views */,
				405 /* Services */,
				C8C8050EED40EF171CC2784D /* Resources */,
				2DEBECAA2EF4136C002A9D7C /* Icon.icon */,
				202 /* SessionFlow.entitlements */,
				2DC4CFE92EFA8E8700F7A35D /* Assets.xcassets */,
			);
			path = SessionFlow;
			sourceTree = "<group>";
		};
		402 /* Products */ = {
			isa = PBXGroup;
			children = (
				100 /* SessionFlow.app */,
			);
			name = Products;
			sourceTree = "<group>";
		};
		403 /* Models */ = {
			isa = PBXGroup;
			children = (
				103 /* Session.swift */,
				104 /* SchedulePattern.swift */,
				105 /* Preset.swift */,
				125 /* Changelog.swift */,
				022A93BC29B1DF104AF6B1BA /* SessionAwarenessConfig.swift */,
				0A270635C6CD4108F5ACACF3 /* SessionFeedback.swift */,
			);
			path = Models;
			sourceTree = "<group>";
		};
		404 /* Views */ = {
			isa = PBXGroup;
			children = (
				2DC4CFE52EFA885900F7A35D /* TaskEditor.swift */,
				2DC4CFE62EFA885900F7A35D /* TasksPanel.swift */,
				109 /* TimelineView.swift */,
				110 /* SettingsPanel.swift */,
				111 /* PresetManager.swift */,
				112 /* WelcomeScreen.swift */,
				113 /* PatternsGuide.swift */,
				114 /* TasksGuide.swift */,
				115 /* AppSettingsView.swift */,
				116 /* NumericInputField.swift */,
				123 /* TimeInputField.swift */,
				124 /* DateInputField.swift */,
				128 /* AboutView.swift */,
				117 /* CalendarPermissionView.swift */,
				118 /* CalendarSetupView.swift */,
				119 /* CalendarPickerPopover.swift */,
				126 /* WhatsNewView.swift */,
				127 /* UpdateAlertSheet.swift */,
				1FD9FFA40C7AE29A7155AD5B /* SessionAwarenessPanel.swift */,
				A1B2C3D4E5F60718293A4B5C /* ProductivityCard.swift */,
				2F803D7CAF9FE9B8D8EB743A /* SessionAwarenessGuide.swift */,
				E3F4A5B6C7D8E9F0A1B2C3D4 /* MiniPlayerWindowController.swift */,
				E4F5A6B7C8D9E0F1A2B3C4D5 /* MiniPlayerView.swift */,
				F5A6B7C8D9E0F1A2B3C4D5E6 /* SharedAwarenessComponents.swift */,
			);
			path = Views;
			sourceTree = "<group>";
		};
		405 /* Services */ = {
			isa = PBXGroup;
			children = (
				106 /* CalendarService.swift */,
				107 /* SchedulingEngine.swift */,
				108 /* AvailabilityCalculator.swift */,
				120 /* UpdateService.swift */,
			121 /* TimeSnapping.swift */,
			122 /* EventUndoManager.swift */,
				1B7CBA7C13B49786B5B44131 /* SessionAwarenessService.swift */,
				1CD91FC56585DD1FADB6BF4C /* SessionAudioService.swift */,
				F1A2B3C4D5E6F7081929A0B2 /* MicrophoneMonitor.swift */,
				E1F2A3B4C5D6E7F8A9B0C1D2 /* DockProgressController.swift */,
				E2F3A4B5C6D7E8F9A0B1C2D3 /* MenuBarController.swift */,
			);
			path = Services;
			sourceTree = "<group>";
		};
		C8C8050EED40EF171CC2784D /* Resources */ = {
			isa = PBXGroup;
			children = (
				DB9FA0D4AF211849B3A47ED1 /* Sounds */,
			);
			path = Resources;
			sourceTree = "<group>";
		};
		DB9FA0D4AF211849B3A47ED1 /* Sounds */ = {
			isa = PBXGroup;
			children = (
				BB01C2D3E4F5A6B7C8D9E0F1 /* Clock Ticking.mp3 */,
				BB02C2D3E4F5A6B7C8D9E0F2 /* Clock Ticking Slow.mp3 */,
				BB16C2D3E4F5A6B7C8D9E016 /* Creek Atmosphere.mp3 */,
				BB03C2D3E4F5A6B7C8D9E0F3 /* Duskfall on a River.mp3 */,
				BB04C2D3E4F5A6B7C8D9E0F4 /* Gong.mp3 */,
				BB05C2D3E4F5A6B7C8D9E0F5 /* Kitchen Timer.mp3 */,
				BB06C2D3E4F5A6B7C8D9E0F6 /* Light Rain Falling on Forest Floor.mp3 */,
				BB07C2D3E4F5A6B7C8D9E0F7 /* Mountain Atmosphere.mp3 */,
				BB08C2D3E4F5A6B7C8D9E0F8 /* Ocean Waves.mp3 */,
				BB09C2D3E4F5A6B7C8D9E0F9 /* Peaceful Wind Atop a Hill.mp3 */,
				BB10C2D3E4F5A6B7C8D9E010 /* Thunder in the Woods.mp3 */,
				BB13C2D3E4F5A6B7C8D9E013 /* Glass.mp3 */,
				BB11C2D3E4F5A6B7C8D9E011 /* Hero.mp3 */,
				BB12C2D3E4F5A6B7C8D9E012 /* Morse.mp3 */,
				BB15C2D3E4F5A6B7C8D9E015 /* Purr.mp3 */,
				BB14C2D3E4F5A6B7C8D9E014 /* Submarine.mp3 */,
			);
			path = Sounds;
			sourceTree = "<group>";
		};
/* End PBXGroup section */

/* Begin PBXNativeTarget section */
		500 /* SessionFlow */ = {
			isa = PBXNativeTarget;
			buildConfigurationList = 600 /* Build configuration list for PBXNativeTarget "SessionFlow" */;
			buildPhases = (
				501 /* Sources */,
				300 /* Frameworks */,
				502 /* Resources */,
			);
			buildRules = (
			);
			dependencies = (
			);
			name = SessionFlow;
			productName = SessionFlow;
			productReference = 100 /* SessionFlow.app */;
			productType = "com.apple.product-type.application";
		};
/* End PBXNativeTarget section */

/* Begin PBXProject section */
		700 /* Project object */ = {
			isa = PBXProject;
			attributes = {
				BuildIndependentTargetsInParallel = 1;
				LastSwiftUpdateCheck = 1500;
				LastUpgradeCheck = 2620;
				TargetAttributes = {
					500 = {
						CreatedOnToolsVersion = 15.0;
					};
				};
			};
			buildConfigurationList = 701 /* Build configuration list for PBXProject "SessionFlow" */;
			compatibilityVersion = "Xcode 14.0";
			developmentRegion = en;
			hasScannedForEncodings = 0;
			knownRegions = (
				en,
				Base,
			);
			mainGroup = 400;
			productRefGroup = 402 /* Products */;
			projectDirPath = "";
			projectRoot = "";
			targets = (
				500 /* SessionFlow */,
			);
		};
/* End PBXProject section */

/* Begin PBXResourcesBuildPhase section */
		502 /* Resources */ = {
			isa = PBXResourcesBuildPhase;
			buildActionMask = 2147483647;
			files = (
				2DC4CFEA2EFA8E8700F7A35D /* Assets.xcassets in Resources */,
				2DEBECAB2EF4136C002A9D7C /* Icon.icon in Resources */,
				AA01B2C3D4E5F6A7B8C9D0E1 /* Clock Ticking.mp3 in Resources */,
				AA02B2C3D4E5F6A7B8C9D0E2 /* Clock Ticking Slow.mp3 in Resources */,
				AA03B2C3D4E5F6A7B8C9D0E3 /* Duskfall on a River.mp3 in Resources */,
				AA04B2C3D4E5F6A7B8C9D0E4 /* Gong.mp3 in Resources */,
				AA05B2C3D4E5F6A7B8C9D0E5 /* Kitchen Timer.mp3 in Resources */,
				AA06B2C3D4E5F6A7B8C9D0E6 /* Light Rain Falling on Forest Floor.mp3 in Resources */,
				AA07B2C3D4E5F6A7B8C9D0E7 /* Mountain Atmosphere.mp3 in Resources */,
				AA08B2C3D4E5F6A7B8C9D0E8 /* Ocean Waves.mp3 in Resources */,
				AA09B2C3D4E5F6A7B8C9D0E9 /* Peaceful Wind Atop a Hill.mp3 in Resources */,
				AA10B2C3D4E5F6A7B8C9D010 /* Thunder in the Woods.mp3 in Resources */,
				AA11B2C3D4E5F6A7B8C9D011 /* Hero.mp3 in Resources */,
				AA12B2C3D4E5F6A7B8C9D012 /* Morse.mp3 in Resources */,
				AA13B2C3D4E5F6A7B8C9D013 /* Glass.mp3 in Resources */,
				AA14B2C3D4E5F6A7B8C9D014 /* Submarine.mp3 in Resources */,
				AA15B2C3D4E5F6A7B8C9D015 /* Purr.mp3 in Resources */,
				AA16B2C3D4E5F6A7B8C9D016 /* Creek Atmosphere.mp3 in Resources */,
			);
			runOnlyForDeploymentPostprocessing = 0;
		};
/* End PBXResourcesBuildPhase section */

/* Begin PBXSourcesBuildPhase section */
		501 /* Sources */ = {
			isa = PBXSourcesBuildPhase;
			buildActionMask = 2147483647;
			files = (
				001 /* SessionFlowApp.swift in Sources */,
				002 /* ContentView.swift in Sources */,
				003 /* Session.swift in Sources */,
				004 /* SchedulePattern.swift in Sources */,
				005 /* Preset.swift in Sources */,
				006 /* CalendarService.swift in Sources */,
				2DC4CFE72EFA885900F7A35D /* TaskEditor.swift in Sources */,
				2DC4CFE82EFA885900F7A35D /* TasksPanel.swift in Sources */,
				007 /* SchedulingEngine.swift in Sources */,
				008 /* AvailabilityCalculator.swift in Sources */,
				009 /* TimelineView.swift in Sources */,
				010 /* SettingsPanel.swift in Sources */,
				011 /* PresetManager.swift in Sources */,
				012 /* WelcomeScreen.swift in Sources */,
				013 /* PatternsGuide.swift in Sources */,
				014 /* TasksGuide.swift in Sources */,
				015 /* AppSettingsView.swift in Sources */,
				016 /* NumericInputField.swift in Sources */,
				017 /* CalendarPermissionView.swift in Sources */,
				018 /* CalendarSetupView.swift in Sources */,
				019 /* CalendarPickerPopover.swift in Sources */,
				020 /* UpdateService.swift in Sources */,
				021 /* TimeSnapping.swift in Sources */,
				022 /* EventUndoManager.swift in Sources */,
				023 /* TimeInputField.swift in Sources */,
				024 /* DateInputField.swift in Sources */,
				025 /* Changelog.swift in Sources */,
				026 /* WhatsNewView.swift in Sources */,
				027 /* UpdateAlertSheet.swift in Sources */,
				028 /* AboutView.swift in Sources */,
				640CA4B8601EE8D9224ECDE3 /* SessionAwarenessConfig.swift in Sources */,
				6426FAE9480469A7737EC218 /* SessionFeedback.swift in Sources */,
				698E3B36A45C17FF134EEE52 /* SessionAwarenessService.swift in Sources */,
				7720F7D61A0294F1C9C3877D /* SessionAudioService.swift in Sources */,
				F1A2B3C4D5E6F7081929A0B1 /* MicrophoneMonitor.swift in Sources */,
				876B4DD1E37960D23C5EB40F /* SessionAwarenessPanel.swift in Sources */,
				A1B2C3D4E5F60718293A4B5D /* ProductivityCard.swift in Sources */,
				8B24F98B098D2F129A31E399 /* SessionAwarenessGuide.swift in Sources */,
				D1A1B2C3D4E5F6A7B8C9D0E1 /* DockProgressController.swift in Sources */,
				D2B2C3D4E5F6A7B8C9D0E1F2 /* MenuBarController.swift in Sources */,
				D3C3D4E5F6A7B8C9D0E1F2A3 /* MiniPlayerWindowController.swift in Sources */,
				D4D4E5F6A7B8C9D0E1F2A3B4 /* MiniPlayerView.swift in Sources */,
				E5E5F6A7B8C9D0E1F2A3B4C5 /* SharedAwarenessComponents.swift in Sources */,
			);
			runOnlyForDeploymentPostprocessing = 0;
		};
/* End PBXSourcesBuildPhase section */

/* Begin XCBuildConfiguration section */
		800 /* Debug */ = {
			isa = XCBuildConfiguration;
			buildSettings = {
				ALWAYS_SEARCH_USER_PATHS = NO;
				ASSETCATALOG_COMPILER_GENERATE_SWIFT_ASSET_SYMBOL_EXTENSIONS = YES;
				CLANG_ANALYZER_NONNULL = YES;
				CLANG_ANALYZER_NUMBER_OBJECT_CONVERSION = YES_AGGRESSIVE;
				CLANG_CXX_LANGUAGE_STANDARD = "gnu++20";
				CLANG_ENABLE_MODULES = YES;
				CLANG_ENABLE_OBJC_ARC = YES;
				CLANG_ENABLE_OBJC_WEAK = YES;
				CLANG_WARN_BLOCK_CAPTURE_AUTORELEASING = YES;
				CLANG_WARN_BOOL_CONVERSION = YES;
				CLANG_WARN_COMMA = YES;
				CLANG_WARN_CONSTANT_CONVERSION = YES;
				CLANG_WARN_DEPRECATED_OBJC_IMPLEMENTATIONS = YES;
				CLANG_WARN_DIRECT_OBJC_ISA_USAGE = YES_ERROR;
				CLANG_WARN_DOCUMENTATION_COMMENTS = YES;
				CLANG_WARN_EMPTY_BODY = YES;
				CLANG_WARN_ENUM_CONVERSION = YES;
				CLANG_WARN_INFINITE_RECURSION = YES;
				CLANG_WARN_INT_CONVERSION = YES;
				CLANG_WARN_NON_LITERAL_NULL_CONVERSION = YES;
				CLANG_WARN_OBJC_IMPLICIT_RETAIN_SELF = YES;
				CLANG_WARN_OBJC_LITERAL_CONVERSION = YES;
				CLANG_WARN_OBJC_ROOT_CLASS = YES_ERROR;
				CLANG_WARN_QUOTED_INCLUDE_IN_FRAMEWORK_HEADER = YES;
				CLANG_WARN_RANGE_LOOP_ANALYSIS = YES;
				CLANG_WARN_STRICT_PROTOTYPES = YES;
				CLANG_WARN_SUSPICIOUS_MOVE = YES;
				CLANG_WARN_UNGUARDED_AVAILABILITY = YES_AGGRESSIVE;
				CLANG_WARN_UNREACHABLE_CODE = YES;
				CLANG_WARN__DUPLICATE_METHOD_MATCH = YES;
				COPY_PHASE_STRIP = NO;
				DEAD_CODE_STRIPPING = YES;
				DEBUG_INFORMATION_FORMAT = dwarf;
				DEVELOPMENT_TEAM = RGFAX8X946;
				ENABLE_STRICT_OBJC_MSGSEND = YES;
				ENABLE_TESTABILITY = YES;
				ENABLE_USER_SCRIPT_SANDBOXING = YES;
				GCC_C_LANGUAGE_STANDARD = gnu17;
				GCC_DYNAMIC_NO_PIC = NO;
				GCC_NO_COMMON_BLOCKS = YES;
				GCC_OPTIMIZATION_LEVEL = 0;
				GCC_PREPROCESSOR_DEFINITIONS = (
					"DEBUG=1",
					"$(inherited)",
				);
				GCC_WARN_64_TO_32_BIT_CONVERSION = YES;
				GCC_WARN_ABOUT_RETURN_TYPE = YES_ERROR;
				GCC_WARN_UNDECLARED_SELECTOR = YES;
				GCC_WARN_UNINITIALIZED_AUTOS = YES_AGGRESSIVE;
				GCC_WARN_UNUSED_FUNCTION = YES;
				GCC_WARN_UNUSED_VARIABLE = YES;
				MACOSX_DEPLOYMENT_TARGET = 14.0;
				MTL_ENABLE_DEBUG_INFO = INCLUDE_SOURCE;
				MTL_FAST_MATH = YES;
				ONLY_ACTIVE_ARCH = YES;
				SDKROOT = macosx;
				STRING_CATALOG_GENERATE_SYMBOLS = YES;
				SWIFT_ACTIVE_COMPILATION_CONDITIONS = "DEBUG $(inherited)";
				SWIFT_COMPILATION_MODE = singlefile;
				SWIFT_OPTIMIZATION_LEVEL = "-Onone";
			};
			name = Debug;
		};
		801 /* Release */ = {
			isa = XCBuildConfiguration;
			buildSettings = {
				ALWAYS_SEARCH_USER_PATHS = NO;
				ASSETCATALOG_COMPILER_GENERATE_SWIFT_ASSET_SYMBOL_EXTENSIONS = YES;
				CLANG_ANALYZER_NONNULL = YES;
				CLANG_ANALYZER_NUMBER_OBJECT_CONVERSION = YES_AGGRESSIVE;
				CLANG_CXX_LANGUAGE_STANDARD = "gnu++20";
				CLANG_ENABLE_MODULES = YES;
				CLANG_ENABLE_OBJC_ARC = YES;
				CLANG_ENABLE_OBJC_WEAK = YES;
				CLANG_WARN_BLOCK_CAPTURE_AUTORELEASING = YES;
				CLANG_WARN_BOOL_CONVERSION = YES;
				CLANG_WARN_COMMA = YES;
				CLANG_WARN_CONSTANT_CONVERSION = YES;
				CLANG_WARN_DEPRECATED_OBJC_IMPLEMENTATIONS = YES;
				CLANG_WARN_DIRECT_OBJC_ISA_USAGE = YES_ERROR;
				CLANG_WARN_DOCUMENTATION_COMMENTS = YES;
				CLANG_WARN_EMPTY_BODY = YES;
				CLANG_WARN_ENUM_CONVERSION = YES;
				CLANG_WARN_INFINITE_RECURSION = YES;
				CLANG_WARN_INT_CONVERSION = YES;
				CLANG_WARN_NON_LITERAL_NULL_CONVERSION = YES;
				CLANG_WARN_OBJC_IMPLICIT_RETAIN_SELF = YES;
				CLANG_WARN_OBJC_LITERAL_CONVERSION = YES;
				CLANG_WARN_OBJC_ROOT_CLASS = YES_ERROR;
				CLANG_WARN_QUOTED_INCLUDE_IN_FRAMEWORK_HEADER = YES;
				CLANG_WARN_RANGE_LOOP_ANALYSIS = YES;
				CLANG_WARN_STRICT_PROTOTYPES = YES;
				CLANG_WARN_SUSPICIOUS_MOVE = YES;
				CLANG_WARN_UNGUARDED_AVAILABILITY = YES_AGGRESSIVE;
				CLANG_WARN_UNREACHABLE_CODE = YES;
				CLANG_WARN__DUPLICATE_METHOD_MATCH = YES;
				COPY_PHASE_STRIP = NO;
				DEAD_CODE_STRIPPING = YES;
				DEBUG_INFORMATION_FORMAT = "dwarf-with-dsym";
				DEVELOPMENT_TEAM = RGFAX8X946;
				ENABLE_NS_ASSERTIONS = NO;
				ENABLE_STRICT_OBJC_MSGSEND = YES;
				ENABLE_USER_SCRIPT_SANDBOXING = YES;
				GCC_C_LANGUAGE_STANDARD = gnu17;
				GCC_NO_COMMON_BLOCKS = YES;
				GCC_WARN_64_TO_32_BIT_CONVERSION = YES;
				GCC_WARN_ABOUT_RETURN_TYPE = YES_ERROR;
				GCC_WARN_UNDECLARED_SELECTOR = YES;
				GCC_WARN_UNINITIALIZED_AUTOS = YES_AGGRESSIVE;
				GCC_WARN_UNUSED_FUNCTION = YES;
				GCC_WARN_UNUSED_VARIABLE = YES;
				MACOSX_DEPLOYMENT_TARGET = 14.0;
				MTL_ENABLE_DEBUG_INFO = NO;
				MTL_FAST_MATH = YES;
				SDKROOT = macosx;
				STRING_CATALOG_GENERATE_SYMBOLS = YES;
				SWIFT_COMPILATION_MODE = wholemodule;
			};
			name = Release;
		};
		802 /* Debug */ = {
			isa = XCBuildConfiguration;
			buildSettings = {
				ASSETCATALOG_COMPILER_APPICON_NAME = Icon;
				ASSETCATALOG_COMPILER_GLOBAL_ACCENT_COLOR_NAME = AccentColor;
				ASSETCATALOG_COMPILER_INCLUDE_ALL_APPICON_ASSETS = NO;
				CODE_SIGN_ENTITLEMENTS = SessionFlow/SessionFlow.entitlements;
				CODE_SIGN_STYLE = Automatic;
				COMBINE_HIDPI_IMAGES = YES;
				CURRENT_PROJECT_VERSION = 657;
				DEAD_CODE_STRIPPING = YES;
				DEVELOPMENT_ASSET_PATHS = "";
				ENABLE_APP_SANDBOX = NO;
				ENABLE_HARDENED_RUNTIME = YES;
				ENABLE_PREVIEWS = YES;
				ENABLE_RESOURCE_ACCESS_CALENDARS = YES;
				GENERATE_INFOPLIST_FILE = YES;
				INFOPLIST_KEY_CFBundleShortVersionString = "$(MARKETING_VERSION)";
				INFOPLIST_KEY_CFBundleVersion = "$(CURRENT_PROJECT_VERSION)";
				INFOPLIST_KEY_CFBundleDisplayName = SessionFlow;
				INFOPLIST_KEY_CFBundleName = SessionFlow;
				INFOPLIST_KEY_LSApplicationCategoryType = "public.app-category.productivity";
				INFOPLIST_KEY_NSCalendarsUsageDescription = "SessionFlow needs access to your calendars to read existing events and schedule new sessions.";
				INFOPLIST_KEY_NSHumanReadableCopyright = "";
				LD_RUNPATH_SEARCH_PATHS = (
					"$(inherited)",
					"@executable_path/../Frameworks",
				);
				MARKETING_VERSION = 2.5;
				PRODUCT_BUNDLE_IDENTIFIER = com.kibermaks.SessionFlow;
				PRODUCT_NAME = SessionFlow;
				SWIFT_EMIT_LOC_STRINGS = YES;
				SWIFT_VERSION = 5.0;
				VERSIONING_SYSTEM = "apple-generic";
			};
			name = Debug;
		};
		803 /* Release */ = {
			isa = XCBuildConfiguration;
			buildSettings = {
				ASSETCATALOG_COMPILER_APPICON_NAME = Icon;
				ASSETCATALOG_COMPILER_GLOBAL_ACCENT_COLOR_NAME = AccentColor;
				ASSETCATALOG_COMPILER_INCLUDE_ALL_APPICON_ASSETS = NO;
				CODE_SIGN_ENTITLEMENTS = SessionFlow/SessionFlow.entitlements;
				CODE_SIGN_STYLE = Automatic;
				COMBINE_HIDPI_IMAGES = YES;
				CURRENT_PROJECT_VERSION = 657;
				DEAD_CODE_STRIPPING = YES;
				DEVELOPMENT_ASSET_PATHS = "";
				ENABLE_APP_SANDBOX = NO;
				ENABLE_HARDENED_RUNTIME = YES;
				ENABLE_PREVIEWS = YES;
				ENABLE_RESOURCE_ACCESS_CALENDARS = YES;
				GENERATE_INFOPLIST_FILE = YES;
				INFOPLIST_KEY_CFBundleShortVersionString = "$(MARKETING_VERSION)";
				INFOPLIST_KEY_CFBundleVersion = "$(CURRENT_PROJECT_VERSION)";
				INFOPLIST_KEY_CFBundleDisplayName = SessionFlow;
				INFOPLIST_KEY_CFBundleName = SessionFlow;
				INFOPLIST_KEY_LSApplicationCategoryType = "public.app-category.productivity";
				INFOPLIST_KEY_NSCalendarsUsageDescription = "SessionFlow needs access to your calendars to read existing events and schedule new sessions.";
				INFOPLIST_KEY_NSHumanReadableCopyright = "";
				LD_RUNPATH_SEARCH_PATHS = (
					"$(inherited)",
					"@executable_path/../Frameworks",
				);
				MARKETING_VERSION = 2.5;
				PRODUCT_BUNDLE_IDENTIFIER = com.kibermaks.SessionFlow;
				PRODUCT_NAME = SessionFlow;
				SWIFT_EMIT_LOC_STRINGS = YES;
				SWIFT_VERSION = 5.0;
				VERSIONING_SYSTEM = "apple-generic";
			};
			name = Release;
		};
/* End XCBuildConfiguration section */

/* Begin XCConfigurationList section */
		600 /* Build configuration list for PBXNativeTarget "SessionFlow" */ = {
			isa = XCConfigurationList;
			buildConfigurations = (
				802 /* Debug */,
				803 /* Release */,
			);
			defaultConfigurationIsVisible = 0;
			defaultConfigurationName = Release;
		};
		701 /* Build configuration list for PBXProject "SessionFlow" */ = {
			isa = XCConfigurationList;
			buildConfigurations = (
				800 /* Debug */,
				801 /* Release */,
			);
			defaultConfigurationIsVisible = 0;
			defaultConfigurationName = Release;
		};
/* End XCConfigurationList section */
	};
	rootObject = 700 /* Project object */;
}
