// !$*UTF8*$!
{
	archiveVersion = 1;
	classes = {
	};
	objectVersion = 56;
	objects = {

/* Begin PBXBuildFile section */
		001 /* TaskSchedulerApp.swift in Sources */ = {isa = PBXBuildFile; fileRef = 101 /* TaskSchedulerApp.swift */; };
		002 /* ContentView.swift in Sources */ = {isa = PBXBuildFile; fileRef = 102 /* ContentView.swift */; };
		003 /* Session.swift in Sources */ = {isa = PBXBuildFile; fileRef = 103 /* Session.swift */; };
		004 /* SchedulePattern.swift in Sources */ = {isa = PBXBuildFile; fileRef = 104 /* SchedulePattern.swift */; };
		005 /* Preset.swift in Sources */ = {isa = PBXBuildFile; fileRef = 105 /* Preset.swift */; };
		006 /* CalendarService.swift in Sources */ = {isa = PBXBuildFile; fileRef = 106 /* CalendarService.swift */; };
		007 /* SchedulingEngine.swift in Sources */ = {isa = PBXBuildFile; fileRef = 107 /* SchedulingEngine.swift */; };
		008 /* AvailabilityCalculator.swift in Sources */ = {isa = PBXBuildFile; fileRef = 108 /* AvailabilityCalculator.swift */; };
		009 /* TimelineView.swift in Sources */ = {isa = PBXBuildFile; fileRef = 109 /* TimelineView.swift */; };
		010 /* SettingsPanel.swift in Sources */ = {isa = PBXBuildFile; fileRef = 110 /* SettingsPanel.swift */; };
		011 /* PresetManager.swift in Sources */ = {isa = PBXBuildFile; fileRef = 111 /* PresetManager.swift */; };
		2DC4CFE72EFA885900F7A35D /* TaskEditor.swift in Sources */ = {isa = PBXBuildFile; fileRef = 2DC4CFE52EFA885900F7A35D /* TaskEditor.swift */; };
		2DC4CFE82EFA885900F7A35D /* TasksPanel.swift in Sources */ = {isa = PBXBuildFile; fileRef = 2DC4CFE62EFA885900F7A35D /* TasksPanel.swift */; };
		2DC4CFEA2EFA8E8700F7A35D /* Assets.xcassets in Resources */ = {isa = PBXBuildFile; fileRef = 2DC4CFE92EFA8E8700F7A35D /* Assets.xcassets */; };
		2DEBECAB2EF4136C002A9D7C /* Icon.icon in Resources */ = {isa = PBXBuildFile; fileRef = 2DEBECAA2EF4136C002A9D7C /* Icon.icon */; };
		012 /* WelcomeScreen.swift in Sources */ = {isa = PBXBuildFile; fileRef = 112 /* WelcomeScreen.swift */; };
		013 /* PatternsGuide.swift in Sources */ = {isa = PBXBuildFile; fileRef = 113 /* PatternsGuide.swift */; };
		014 /* TasksGuide.swift in Sources */ = {isa = PBXBuildFile; fileRef = 114 /* TasksGuide.swift */; };
		015 /* AppSettingsView.swift in Sources */ = {isa = PBXBuildFile; fileRef = 115 /* AppSettingsView.swift */; };
		016 /* NumericInputField.swift in Sources */ = {isa = PBXBuildFile; fileRef = 116 /* NumericInputField.swift */; };
		017 /* CalendarPermissionView.swift in Sources */ = {isa = PBXBuildFile; fileRef = 117 /* CalendarPermissionView.swift */; };
		018 /* CalendarSetupView.swift in Sources */ = {isa = PBXBuildFile; fileRef = 118 /* CalendarSetupView.swift */; };
		019 /* CalendarPickerPopover.swift in Sources */ = {isa = PBXBuildFile; fileRef = 119 /* CalendarPickerPopover.swift */; };
/* End PBXBuildFile section */

/* Begin PBXFileReference section */
		100 /* Task Scheduler.app */ = {isa = PBXFileReference; explicitFileType = wrapper.application; includeInIndex = 0; path = "Task Scheduler.app"; sourceTree = BUILT_PRODUCTS_DIR; };
		101 /* TaskSchedulerApp.swift */ = {isa = PBXFileReference; lastKnownFileType = sourcecode.swift; path = TaskSchedulerApp.swift; sourceTree = "<group>"; };
		102 /* ContentView.swift */ = {isa = PBXFileReference; lastKnownFileType = sourcecode.swift; path = ContentView.swift; sourceTree = "<group>"; };
		103 /* Session.swift */ = {isa = PBXFileReference; lastKnownFileType = sourcecode.swift; path = Session.swift; sourceTree = "<group>"; };
		104 /* SchedulePattern.swift */ = {isa = PBXFileReference; lastKnownFileType = sourcecode.swift; path = SchedulePattern.swift; sourceTree = "<group>"; };
		105 /* Preset.swift */ = {isa = PBXFileReference; lastKnownFileType = sourcecode.swift; path = Preset.swift; sourceTree = "<group>"; };
		106 /* CalendarService.swift */ = {isa = PBXFileReference; lastKnownFileType = sourcecode.swift; path = CalendarService.swift; sourceTree = "<group>"; };
		107 /* SchedulingEngine.swift */ = {isa = PBXFileReference; lastKnownFileType = sourcecode.swift; path = SchedulingEngine.swift; sourceTree = "<group>"; };
		108 /* AvailabilityCalculator.swift */ = {isa = PBXFileReference; lastKnownFileType = sourcecode.swift; path = AvailabilityCalculator.swift; sourceTree = "<group>"; };
		109 /* TimelineView.swift */ = {isa = PBXFileReference; lastKnownFileType = sourcecode.swift; path = TimelineView.swift; sourceTree = "<group>"; };
		110 /* SettingsPanel.swift */ = {isa = PBXFileReference; lastKnownFileType = sourcecode.swift; path = SettingsPanel.swift; sourceTree = "<group>"; };
		111 /* PresetManager.swift */ = {isa = PBXFileReference; lastKnownFileType = sourcecode.swift; path = PresetManager.swift; sourceTree = "<group>"; };
		202 /* TaskScheduler.entitlements */ = {isa = PBXFileReference; lastKnownFileType = text.plist.entitlements; path = TaskScheduler.entitlements; sourceTree = "<group>"; };
		2DC4CFE52EFA885900F7A35D /* TaskEditor.swift */ = {isa = PBXFileReference; lastKnownFileType = sourcecode.swift; path = TaskEditor.swift; sourceTree = "<group>"; };
		2DC4CFE62EFA885900F7A35D /* TasksPanel.swift */ = {isa = PBXFileReference; lastKnownFileType = sourcecode.swift; path = TasksPanel.swift; sourceTree = "<group>"; };
		2DC4CFE92EFA8E8700F7A35D /* Assets.xcassets */ = {isa = PBXFileReference; lastKnownFileType = folder.assetcatalog; path = Assets.xcassets; sourceTree = "<group>"; };
		2DEBECAA2EF4136C002A9D7C /* Icon.icon */ = {isa = PBXFileReference; lastKnownFileType = folder.iconcomposer.icon; path = Icon.icon; sourceTree = "<group>"; };
		112 /* WelcomeScreen.swift */ = {isa = PBXFileReference; lastKnownFileType = sourcecode.swift; path = WelcomeScreen.swift; sourceTree = "<group>"; };
		113 /* PatternsGuide.swift */ = {isa = PBXFileReference; lastKnownFileType = sourcecode.swift; path = PatternsGuide.swift; sourceTree = "<group>"; };
		114 /* TasksGuide.swift */ = {isa = PBXFileReference; lastKnownFileType = sourcecode.swift; path = TasksGuide.swift; sourceTree = "<group>"; };
		115 /* AppSettingsView.swift */ = {isa = PBXFileReference; lastKnownFileType = sourcecode.swift; path = AppSettingsView.swift; sourceTree = "<group>"; };
		116 /* NumericInputField.swift */ = {isa = PBXFileReference; lastKnownFileType = sourcecode.swift; path = NumericInputField.swift; sourceTree = "<group>"; };
		117 /* CalendarPermissionView.swift */ = {isa = PBXFileReference; lastKnownFileType = sourcecode.swift; path = CalendarPermissionView.swift; sourceTree = "<group>"; };
		118 /* CalendarSetupView.swift */ = {isa = PBXFileReference; lastKnownFileType = sourcecode.swift; path = CalendarSetupView.swift; sourceTree = "<group>"; };
		119 /* CalendarPickerPopover.swift */ = {isa = PBXFileReference; lastKnownFileType = sourcecode.swift; path = CalendarPickerPopover.swift; sourceTree = "<group>"; };
/* End PBXFileReference section */

/* Begin PBXFrameworksBuildPhase section */
		300 /* Frameworks */ = {
			isa = PBXFrameworksBuildPhase;
			buildActionMask = 2147483647;
			files = (
			);
			runOnlyForDeploymentPostprocessing = 0;
		};
/* End PBXFrameworksBuildPhase section */

/* Begin PBXGroup section */
		400 = {
			isa = PBXGroup;
			children = (
				401 /* TaskScheduler */,
				402 /* Products */,
			);
			sourceTree = "<group>";
		};
		401 /* TaskScheduler */ = {
			isa = PBXGroup;
			children = (
				101 /* TaskSchedulerApp.swift */,
				102 /* ContentView.swift */,
				403 /* Models */,
				404 /* Views */,
				405 /* Services */,
				2DEBECAA2EF4136C002A9D7C /* Icon.icon */,
				202 /* TaskScheduler.entitlements */,
				2DC4CFE92EFA8E8700F7A35D /* Assets.xcassets */,
			);
			path = TaskScheduler;
			sourceTree = "<group>";
		};
		402 /* Products */ = {
			isa = PBXGroup;
			children = (
				100 /* Task Scheduler.app */,
			);
			name = Products;
			sourceTree = "<group>";
		};
		403 /* Models */ = {
			isa = PBXGroup;
			children = (
				103 /* Session.swift */,
				104 /* SchedulePattern.swift */,
				105 /* Preset.swift */,
			);
			path = Models;
			sourceTree = "<group>";
		};
		404 /* Views */ = {
			isa = PBXGroup;
			children = (
				2DC4CFE52EFA885900F7A35D /* TaskEditor.swift */,
				2DC4CFE62EFA885900F7A35D /* TasksPanel.swift */,
				109 /* TimelineView.swift */,
				110 /* SettingsPanel.swift */,
				111 /* PresetManager.swift */,
				112 /* WelcomeScreen.swift */,
				113 /* PatternsGuide.swift */,
				114 /* TasksGuide.swift */,
				115 /* AppSettingsView.swift */,
				116 /* NumericInputField.swift */,
				117 /* CalendarPermissionView.swift */,
				118 /* CalendarSetupView.swift */,
				119 /* CalendarPickerPopover.swift */,
			);
			path = Views;
			sourceTree = "<group>";
		};
		405 /* Services */ = {
			isa = PBXGroup;
			children = (
				106 /* CalendarService.swift */,
				107 /* SchedulingEngine.swift */,
				108 /* AvailabilityCalculator.swift */,
			);
			path = Services;
			sourceTree = "<group>";
		};
/* End PBXGroup section */

/* Begin PBXNativeTarget section */
		500 /* TaskScheduler */ = {
			isa = PBXNativeTarget;
			buildConfigurationList = 600 /* Build configuration list for PBXNativeTarget "TaskScheduler" */;
			buildPhases = (
				501 /* Sources */,
				300 /* Frameworks */,
				502 /* Resources */,
			);
			buildRules = (
			);
			dependencies = (
			);
			name = TaskScheduler;
			productName = TaskScheduler;
			productReference = 100 /* Task Scheduler.app */;
			productType = "com.apple.product-type.application";
		};
/* End PBXNativeTarget section */

/* Begin PBXProject section */
		700 /* Project object */ = {
			isa = PBXProject;
			attributes = {
				BuildIndependentTargetsInParallel = 1;
				LastSwiftUpdateCheck = 1500;
				LastUpgradeCheck = 2620;
				TargetAttributes = {
					500 = {
						CreatedOnToolsVersion = 15.0;
					};
				};
			};
			buildConfigurationList = 701 /* Build configuration list for PBXProject "TaskScheduler" */;
			compatibilityVersion = "Xcode 14.0";
			developmentRegion = en;
			hasScannedForEncodings = 0;
			knownRegions = (
				en,
				Base,
			);
			mainGroup = 400;
			productRefGroup = 402 /* Products */;
			projectDirPath = "";
			projectRoot = "";
			targets = (
				500 /* TaskScheduler */,
			);
		};
/* End PBXProject section */

/* Begin PBXResourcesBuildPhase section */
		502 /* Resources */ = {
			isa = PBXResourcesBuildPhase;
			buildActionMask = 2147483647;
			files = (
				2DC4CFEA2EFA8E8700F7A35D /* Assets.xcassets in Resources */,
				2DEBECAB2EF4136C002A9D7C /* Icon.icon in Resources */,
			);
			runOnlyForDeploymentPostprocessing = 0;
		};
/* End PBXResourcesBuildPhase section */

/* Begin PBXSourcesBuildPhase section */
		501 /* Sources */ = {
			isa = PBXSourcesBuildPhase;
			buildActionMask = 2147483647;
			files = (
				001 /* TaskSchedulerApp.swift in Sources */,
				002 /* ContentView.swift in Sources */,
				003 /* Session.swift in Sources */,
				004 /* SchedulePattern.swift in Sources */,
				005 /* Preset.swift in Sources */,
				006 /* CalendarService.swift in Sources */,
				2DC4CFE72EFA885900F7A35D /* TaskEditor.swift in Sources */,
				2DC4CFE82EFA885900F7A35D /* TasksPanel.swift in Sources */,
				007 /* SchedulingEngine.swift in Sources */,
				008 /* AvailabilityCalculator.swift in Sources */,
				009 /* TimelineView.swift in Sources */,
				010 /* SettingsPanel.swift in Sources */,
				011 /* PresetManager.swift in Sources */,
				012 /* WelcomeScreen.swift in Sources */,
				013 /* PatternsGuide.swift in Sources */,
				014 /* TasksGuide.swift in Sources */,
				015 /* AppSettingsView.swift in Sources */,
				016 /* NumericInputField.swift in Sources */,
				017 /* CalendarPermissionView.swift in Sources */,
				018 /* CalendarSetupView.swift in Sources */,
				019 /* CalendarPickerPopover.swift in Sources */,
			);
			runOnlyForDeploymentPostprocessing = 0;
		};
/* End PBXSourcesBuildPhase section */

/* Begin XCBuildConfiguration section */
		800 /* Debug */ = {
			isa = XCBuildConfiguration;
			buildSettings = {
				ALWAYS_SEARCH_USER_PATHS = NO;
				ASSETCATALOG_COMPILER_GENERATE_SWIFT_ASSET_SYMBOL_EXTENSIONS = YES;
				CLANG_ANALYZER_NONNULL = YES;
				CLANG_ANALYZER_NUMBER_OBJECT_CONVERSION = YES_AGGRESSIVE;
				CLANG_CXX_LANGUAGE_STANDARD = "gnu++20";
				CLANG_ENABLE_MODULES = YES;
				CLANG_ENABLE_OBJC_ARC = YES;
				CLANG_ENABLE_OBJC_WEAK = YES;
				CLANG_WARN_BLOCK_CAPTURE_AUTORELEASING = YES;
				CLANG_WARN_BOOL_CONVERSION = YES;
				CLANG_WARN_COMMA = YES;
				CLANG_WARN_CONSTANT_CONVERSION = YES;
				CLANG_WARN_DEPRECATED_OBJC_IMPLEMENTATIONS = YES;
				CLANG_WARN_DIRECT_OBJC_ISA_USAGE = YES_ERROR;
				CLANG_WARN_DOCUMENTATION_COMMENTS = YES;
				CLANG_WARN_EMPTY_BODY = YES;
				CLANG_WARN_ENUM_CONVERSION = YES;
				CLANG_WARN_INFINITE_RECURSION = YES;
				CLANG_WARN_INT_CONVERSION = YES;
				CLANG_WARN_NON_LITERAL_NULL_CONVERSION = YES;
				CLANG_WARN_OBJC_IMPLICIT_RETAIN_SELF = YES;
				CLANG_WARN_OBJC_LITERAL_CONVERSION = YES;
				CLANG_WARN_OBJC_ROOT_CLASS = YES_ERROR;
				CLANG_WARN_QUOTED_INCLUDE_IN_FRAMEWORK_HEADER = YES;
				CLANG_WARN_RANGE_LOOP_ANALYSIS = YES;
				CLANG_WARN_STRICT_PROTOTYPES = YES;
				CLANG_WARN_SUSPICIOUS_MOVE = YES;
				CLANG_WARN_UNGUARDED_AVAILABILITY = YES_AGGRESSIVE;
				CLANG_WARN_UNREACHABLE_CODE = YES;
				CLANG_WARN__DUPLICATE_METHOD_MATCH = YES;
				COPY_PHASE_STRIP = NO;
				DEAD_CODE_STRIPPING = YES;
				DEBUG_INFORMATION_FORMAT = dwarf;
				DEVELOPMENT_TEAM = 252H5L8A2H;
				ENABLE_STRICT_OBJC_MSGSEND = YES;
				ENABLE_TESTABILITY = YES;
				ENABLE_USER_SCRIPT_SANDBOXING = YES;
				GCC_C_LANGUAGE_STANDARD = gnu17;
				GCC_DYNAMIC_NO_PIC = NO;
				GCC_NO_COMMON_BLOCKS = YES;
				GCC_OPTIMIZATION_LEVEL = 0;
				GCC_PREPROCESSOR_DEFINITIONS = (
					"DEBUG=1",
					"$(inherited)",
				);
				GCC_WARN_64_TO_32_BIT_CONVERSION = YES;
				GCC_WARN_ABOUT_RETURN_TYPE = YES_ERROR;
				GCC_WARN_UNDECLARED_SELECTOR = YES;
				GCC_WARN_UNINITIALIZED_AUTOS = YES_AGGRESSIVE;
				GCC_WARN_UNUSED_FUNCTION = YES;
				GCC_WARN_UNUSED_VARIABLE = YES;
				MACOSX_DEPLOYMENT_TARGET = 14.0;
				MTL_ENABLE_DEBUG_INFO = INCLUDE_SOURCE;
				MTL_FAST_MATH = YES;
				ONLY_ACTIVE_ARCH = YES;
				SDKROOT = macosx;
				STRING_CATALOG_GENERATE_SYMBOLS = YES;
				SWIFT_ACTIVE_COMPILATION_CONDITIONS = "DEBUG $(inherited)";
				SWIFT_OPTIMIZATION_LEVEL = "-Onone";
			};
			name = Debug;
		};
		801 /* Release */ = {
			isa = XCBuildConfiguration;
			buildSettings = {
				ALWAYS_SEARCH_USER_PATHS = NO;
				ASSETCATALOG_COMPILER_GENERATE_SWIFT_ASSET_SYMBOL_EXTENSIONS = YES;
				CLANG_ANALYZER_NONNULL = YES;
				CLANG_ANALYZER_NUMBER_OBJECT_CONVERSION = YES_AGGRESSIVE;
				CLANG_CXX_LANGUAGE_STANDARD = "gnu++20";
				CLANG_ENABLE_MODULES = YES;
				CLANG_ENABLE_OBJC_ARC = YES;
				CLANG_ENABLE_OBJC_WEAK = YES;
				CLANG_WARN_BLOCK_CAPTURE_AUTORELEASING = YES;
				CLANG_WARN_BOOL_CONVERSION = YES;
				CLANG_WARN_COMMA = YES;
				CLANG_WARN_CONSTANT_CONVERSION = YES;
				CLANG_WARN_DEPRECATED_OBJC_IMPLEMENTATIONS = YES;
				CLANG_WARN_DIRECT_OBJC_ISA_USAGE = YES_ERROR;
				CLANG_WARN_DOCUMENTATION_COMMENTS = YES;
				CLANG_WARN_EMPTY_BODY = YES;
				CLANG_WARN_ENUM_CONVERSION = YES;
				CLANG_WARN_INFINITE_RECURSION = YES;
				CLANG_WARN_INT_CONVERSION = YES;
				CLANG_WARN_NON_LITERAL_NULL_CONVERSION = YES;
				CLANG_WARN_OBJC_IMPLICIT_RETAIN_SELF = YES;
				CLANG_WARN_OBJC_LITERAL_CONVERSION = YES;
				CLANG_WARN_OBJC_ROOT_CLASS = YES_ERROR;
				CLANG_WARN_QUOTED_INCLUDE_IN_FRAMEWORK_HEADER = YES;
				CLANG_WARN_RANGE_LOOP_ANALYSIS = YES;
				CLANG_WARN_STRICT_PROTOTYPES = YES;
				CLANG_WARN_SUSPICIOUS_MOVE = YES;
				CLANG_WARN_UNGUARDED_AVAILABILITY = YES_AGGRESSIVE;
				CLANG_WARN_UNREACHABLE_CODE = YES;
				CLANG_WARN__DUPLICATE_METHOD_MATCH = YES;
				COPY_PHASE_STRIP = NO;
				DEAD_CODE_STRIPPING = YES;
				DEBUG_INFORMATION_FORMAT = "dwarf-with-dsym";
				DEVELOPMENT_TEAM = 252H5L8A2H;
				ENABLE_NS_ASSERTIONS = NO;
				ENABLE_STRICT_OBJC_MSGSEND = YES;
				ENABLE_USER_SCRIPT_SANDBOXING = YES;
				GCC_C_LANGUAGE_STANDARD = gnu17;
				GCC_NO_COMMON_BLOCKS = YES;
				GCC_WARN_64_TO_32_BIT_CONVERSION = YES;
				GCC_WARN_ABOUT_RETURN_TYPE = YES_ERROR;
				GCC_WARN_UNDECLARED_SELECTOR = YES;
				GCC_WARN_UNINITIALIZED_AUTOS = YES_AGGRESSIVE;
				GCC_WARN_UNUSED_FUNCTION = YES;
				GCC_WARN_UNUSED_VARIABLE = YES;
				MACOSX_DEPLOYMENT_TARGET = 14.0;
				MTL_ENABLE_DEBUG_INFO = NO;
				MTL_FAST_MATH = YES;
				SDKROOT = macosx;
				STRING_CATALOG_GENERATE_SYMBOLS = YES;
				SWIFT_COMPILATION_MODE = wholemodule;
			};
			name = Release;
		};
		802 /* Debug */ = {
			isa = XCBuildConfiguration;
			buildSettings = {
				ASSETCATALOG_COMPILER_APPICON_NAME = Icon;
				ASSETCATALOG_COMPILER_GLOBAL_ACCENT_COLOR_NAME = AccentColor;
				ASSETCATALOG_COMPILER_INCLUDE_ALL_APPICON_ASSETS = NO;
				CODE_SIGN_ENTITLEMENTS = TaskScheduler/TaskScheduler.entitlements;
				CODE_SIGN_STYLE = Automatic;
				COMBINE_HIDPI_IMAGES = YES;
				CURRENT_PROJECT_VERSION = 186;
				DEAD_CODE_STRIPPING = YES;
				DEVELOPMENT_ASSET_PATHS = "";
				ENABLE_APP_SANDBOX = NO;
				ENABLE_HARDENED_RUNTIME = YES;
				ENABLE_PREVIEWS = YES;
				ENABLE_RESOURCE_ACCESS_CALENDARS = YES;
				GENERATE_INFOPLIST_FILE = YES;
				INFOPLIST_KEY_CFBundleShortVersionString = "$(MARKETING_VERSION)";
				INFOPLIST_KEY_CFBundleVersion = "$(CURRENT_PROJECT_VERSION)";
				INFOPLIST_KEY_CFBundleDisplayName = "Task Scheduler";
				INFOPLIST_KEY_CFBundleName = "Task Scheduler";
				INFOPLIST_KEY_LSApplicationCategoryType = "public.app-category.productivity";
				INFOPLIST_KEY_NSCalendarsUsageDescription = "Task Scheduler needs access to your calendars to read existing events and schedule new sessions.";
				INFOPLIST_KEY_NSHumanReadableCopyright = "";
				LD_RUNPATH_SEARCH_PATHS = (
					"$(inherited)",
					"@executable_path/../Frameworks",
				);
				MARKETING_VERSION = 1.3;
				PRODUCT_BUNDLE_IDENTIFIER = com.kibermaks.TaskScheduler;
				PRODUCT_NAME = "Task Scheduler";
				SWIFT_EMIT_LOC_STRINGS = YES;
				SWIFT_VERSION = 5.0;
				VERSIONING_SYSTEM = "apple-generic";
			};
			name = Debug;
		};
		803 /* Release */ = {
			isa = XCBuildConfiguration;
			buildSettings = {
				ASSETCATALOG_COMPILER_APPICON_NAME = Icon;
				ASSETCATALOG_COMPILER_GLOBAL_ACCENT_COLOR_NAME = AccentColor;
				ASSETCATALOG_COMPILER_INCLUDE_ALL_APPICON_ASSETS = NO;
				CODE_SIGN_ENTITLEMENTS = TaskScheduler/TaskScheduler.entitlements;
				CODE_SIGN_STYLE = Automatic;
				COMBINE_HIDPI_IMAGES = YES;
				CURRENT_PROJECT_VERSION = 186;
				DEAD_CODE_STRIPPING = YES;
				DEVELOPMENT_ASSET_PATHS = "";
				ENABLE_APP_SANDBOX = NO;
				ENABLE_HARDENED_RUNTIME = YES;
				ENABLE_PREVIEWS = YES;
				ENABLE_RESOURCE_ACCESS_CALENDARS = YES;
				GENERATE_INFOPLIST_FILE = YES;
				INFOPLIST_KEY_CFBundleShortVersionString = "$(MARKETING_VERSION)";
				INFOPLIST_KEY_CFBundleVersion = "$(CURRENT_PROJECT_VERSION)";
				INFOPLIST_KEY_CFBundleDisplayName = "Task Scheduler";
				INFOPLIST_KEY_CFBundleName = "Task Scheduler";
				INFOPLIST_KEY_LSApplicationCategoryType = "public.app-category.productivity";
				INFOPLIST_KEY_NSCalendarsUsageDescription = "Task Scheduler needs access to your calendars to read existing events and schedule new sessions.";
				INFOPLIST_KEY_NSHumanReadableCopyright = "";
				LD_RUNPATH_SEARCH_PATHS = (
					"$(inherited)",
					"@executable_path/../Frameworks",
				);
				MARKETING_VERSION = 1.3;
				PRODUCT_BUNDLE_IDENTIFIER = com.kibermaks.TaskScheduler;
				PRODUCT_NAME = "Task Scheduler";
				SWIFT_EMIT_LOC_STRINGS = YES;
				SWIFT_VERSION = 5.0;
				VERSIONING_SYSTEM = "apple-generic";
			};
			name = Release;
		};
/* End XCBuildConfiguration section */

/* Begin XCConfigurationList section */
		600 /* Build configuration list for PBXNativeTarget "TaskScheduler" */ = {
			isa = XCConfigurationList;
			buildConfigurations = (
				802 /* Debug */,
				803 /* Release */,
			);
			defaultConfigurationIsVisible = 0;
			defaultConfigurationName = Release;
		};
		701 /* Build configuration list for PBXProject "TaskScheduler" */ = {
			isa = XCConfigurationList;
			buildConfigurations = (
				800 /* Debug */,
				801 /* Release */,
			);
			defaultConfigurationIsVisible = 0;
			defaultConfigurationName = Release;
		};
/* End XCConfigurationList section */
	};
	rootObject = 700 /* Project object */;
}
